
Microsoft Visual Studio Solution File, Format Version 12.00
# Visual Studio Version 17
VisualStudioVersion = 17.10.35013.160
MinimumVisualStudioVersion = 10.0.40219.1
Project("{FAE04EC0-301F-11D3-BF4B-00C04F79EFBC}") = "methood_showcolor", "methood_showcolor\methood_showcolor.csproj", "{2141819E-CFEC-4A3F-B5F1-2C7AFF5A7513}"
EndProject
Global
	GlobalSection(SolutionConfigurationPlatforms) = preSolution
		Debug|Any CPU = Debug|Any CPU
		Release|Any CPU = Release|Any CPU
	EndGlobalSection
	GlobalSection(ProjectConfigurationPlatforms) = postSolution
		{2141819E-CFEC-4A3F-B5F1-2C7AFF5A7513}.Debug|Any CPU.ActiveCfg = Debug|Any CPU
		{2141819E-CFEC-4A3F-B5F1-2C7AFF5A7513}.Debug|Any CPU.Build.0 = Debug|Any CPU
		{2141819E-CFEC-4A3F-B5F1-2C7AFF5A7513}.Release|Any CPU.ActiveCfg = Release|Any CPU
		{2141819E-CFEC-4A3F-B5F1-2C7AFF5A7513}.Release|Any CPU.Build.0 = Release|Any CPU
	EndGlobalSection
	GlobalSection(SolutionProperties) = preSolution
		HideSolutionNode = FALSE
	EndGlobalSection
	GlobalSection(ExtensibilityGlobals) = postSolution
		SolutionGuid = {A852802B-E5DA-41A3-A3BA-8818A8EC0692}
	EndGlobalSection
EndGlobal
